{
  "version": 4,
  "terraform_version": "1.5.7",
  "serial": 13,
  "lineage": "c6f10648-1b87-0963-67fb-5f5cd3b60701",
  "outputs": {
    "test": {
      "value": "this is a test file from terraform from variable",
      "type": "string"
    }
  },
  "resources": [
    {
      "mode": "managed",
      "type": "local_file",
      "name": "test",
      "provider": "provider[\"registry.terraform.io/hashicorp/local\"]",
      "instances": [
        {
          "index_key": 0,
          "schema_version": 0,
          "attributes": {
            "content": "this is a test file from terraform from variable",
            "content_base64": null,
            "content_base64sha256": "R0C1o6yX+Hr2MG1vALwNlc05l/Xuwc/pATW5QwXWbbw=",
            "content_base64sha512": "0EzJNme8ii/ZBat3V43yMOAfobWKT+9q+kExlgU2j5T11hhRdvoG31Qo+kkqbhhfxm4J5+0gsyeUDL7M39wK7Q==",
            "content_md5": "774672cb322cc5efdb3b874593cf82b7",
            "content_sha1": "d9f0b3d6972f9bf0b5f18053c9cad43e51aefd98",
            "content_sha256": "4740b5a3ac97f87af6306d6f00bc0d95cd3997f5eec1cfe90135b94305d66dbc",
            "content_sha512": "d04cc93667bc8a2fd905ab77578df230e01fa1b58a4fef6afa41319605368f94f5d6185176fa06df5428fa492a6e185fc66e09e7ed20b327940cbeccdfdc0aed",
            "directory_permission": "0777",
            "file_permission": "0777",
            "filename": "F:\\Terraform\\test.txt",
            "id": "d9f0b3d6972f9bf0b5f18053c9cad43e51aefd98",
            "sensitive_content": null,
            "source": null
          },
          "sensitive_attributes": []
        },
        {
          "index_key": 1,
          "schema_version": 0,
          "attributes": {
            "content": "this is a test file from terraform from variable",
            "content_base64": null,
            "content_base64sha256": "R0C1o6yX+Hr2MG1vALwNlc05l/Xuwc/pATW5QwXWbbw=",
            "content_base64sha512": "0EzJNme8ii/ZBat3V43yMOAfobWKT+9q+kExlgU2j5T11hhRdvoG31Qo+kkqbhhfxm4J5+0gsyeUDL7M39wK7Q==",
            "content_md5": "774672cb322cc5efdb3b874593cf82b7",
            "content_sha1": "d9f0b3d6972f9bf0b5f18053c9cad43e51aefd98",
            "content_sha256": "4740b5a3ac97f87af6306d6f00bc0d95cd3997f5eec1cfe90135b94305d66dbc",
            "content_sha512": "d04cc93667bc8a2fd905ab77578df230e01fa1b58a4fef6afa41319605368f94f5d6185176fa06df5428fa492a6e185fc66e09e7ed20b327940cbeccdfdc0aed",
            "directory_permission": "0777",
            "file_permission": "0777",
            "filename": "F:\\Terraform\\test1.txt",
            "id": "d9f0b3d6972f9bf0b5f18053c9cad43e51aefd98",
            "sensitive_content": null,
            "source": null
          },
          "sensitive_attributes": []
        },
        {
          "index_key": 2,
          "schema_version": 0,
          "attributes": {
            "content": "this is a test file from terraform from variable",
            "content_base64": null,
            "content_base64sha256": "R0C1o6yX+Hr2MG1vALwNlc05l/Xuwc/pATW5QwXWbbw=",
            "content_base64sha512": "0EzJNme8ii/ZBat3V43yMOAfobWKT+9q+kExlgU2j5T11hhRdvoG31Qo+kkqbhhfxm4J5+0gsyeUDL7M39wK7Q==",
            "content_md5": "774672cb322cc5efdb3b874593cf82b7",
            "content_sha1": "d9f0b3d6972f9bf0b5f18053c9cad43e51aefd98",
            "content_sha256": "4740b5a3ac97f87af6306d6f00bc0d95cd3997f5eec1cfe90135b94305d66dbc",
            "content_sha512": "d04cc93667bc8a2fd905ab77578df230e01fa1b58a4fef6afa41319605368f94f5d6185176fa06df5428fa492a6e185fc66e09e7ed20b327940cbeccdfdc0aed",
            "directory_permission": "0777",
            "file_permission": "0777",
            "filename": "F:\\Terraform\\test2.txt",
            "id": "d9f0b3d6972f9bf0b5f18053c9cad43e51aefd98",
            "sensitive_content": null,
            "source": null
          },
          "sensitive_attributes": []
        }
      ]
    }
  ],
  "check_results": null
}
